PODS:
  - libopencv-contrib (3.4.1)

DEPENDENCIES:
  - libopencv-contrib (~> 3.4.1)

SPEC REPOS:
  https://github.com/CocoaPods/Specs.git:
    - libopencv-contrib

SPEC CHECKSUMS:
  libopencv-contrib: 01e8f05daf0e93e3f5fa395590fcf41ef312bef3

PODFILE CHECKSUM: 93d006d58c31d81c5a3a87a2601fda89d7763216

COCOAPODS: 1.5.0
